
Microsoft Visual Studio Solution File, Format Version 12.00
# Visual Studio Version 16
VisualStudioVersion = 16.0.30804.86
MinimumVisualStudioVersion = 10.0.40219.1
Project("{FAE04EC0-301F-11D3-BF4B-00C04F79EFBC}") = "Lootbox", "Lootbox\Lootbox.csproj", "{99FB807B-2F83-45E3-91F0-9F7C0A91FA63}"
EndProject
Project("{FAE04EC0-301F-11D3-BF4B-00C04F79EFBC}") = "Re-Volt", "Re-Volt\Re-Volt.csproj", "{F6E0A065-3CC6-4901-8B4C-992D8783CE8C}"
EndProject
Project("{FAE04EC0-301F-11D3-BF4B-00C04F79EFBC}") = "Guild", "Guild\Guild.csproj", "{86285CAA-2627-480D-9D51-A3A9D3C58B2E}"
EndProject
Global
	GlobalSection(SolutionConfigurationPlatforms) = preSolution
		Debug|Any CPU = Debug|Any CPU
		Release|Any CPU = Release|Any CPU
	EndGlobalSection
	GlobalSection(ProjectConfigurationPlatforms) = postSolution
		{99FB807B-2F83-45E3-91F0-9F7C0A91FA63}.Debug|Any CPU.ActiveCfg = Debug|Any CPU
		{99FB807B-2F83-45E3-91F0-9F7C0A91FA63}.Debug|Any CPU.Build.0 = Debug|Any CPU
		{99FB807B-2F83-45E3-91F0-9F7C0A91FA63}.Release|Any CPU.ActiveCfg = Release|Any CPU
		{99FB807B-2F83-45E3-91F0-9F7C0A91FA63}.Release|Any CPU.Build.0 = Release|Any CPU
		{F6E0A065-3CC6-4901-8B4C-992D8783CE8C}.Debug|Any CPU.ActiveCfg = Debug|Any CPU
		{F6E0A065-3CC6-4901-8B4C-992D8783CE8C}.Debug|Any CPU.Build.0 = Debug|Any CPU
		{F6E0A065-3CC6-4901-8B4C-992D8783CE8C}.Release|Any CPU.ActiveCfg = Release|Any CPU
		{F6E0A065-3CC6-4901-8B4C-992D8783CE8C}.Release|Any CPU.Build.0 = Release|Any CPU
		{86285CAA-2627-480D-9D51-A3A9D3C58B2E}.Debug|Any CPU.ActiveCfg = Debug|Any CPU
		{86285CAA-2627-480D-9D51-A3A9D3C58B2E}.Debug|Any CPU.Build.0 = Debug|Any CPU
		{86285CAA-2627-480D-9D51-A3A9D3C58B2E}.Release|Any CPU.ActiveCfg = Release|Any CPU
		{86285CAA-2627-480D-9D51-A3A9D3C58B2E}.Release|Any CPU.Build.0 = Release|Any CPU
	EndGlobalSection
	GlobalSection(SolutionProperties) = preSolution
		HideSolutionNode = FALSE
	EndGlobalSection
	GlobalSection(ExtensibilityGlobals) = postSolution
		SolutionGuid = {53A34D36-47B0-45B0-9967-3EE638358AC3}
	EndGlobalSection
EndGlobal
